dependencies:
  can_driver:
    dependencies: []
    source:
      path: /home/drzoid/dev/openfront/ots/ots-fw-shared/components/can_driver
      type: local
    version: 1.0.0
  espressif/mdns:
    component_hash: 29e47564b1a7ee778135e17fbbf2a2773f71c97ebabfe626c8eda7c958a7ad16
    dependencies:
    - name: idf
      require: private
      version: '>=5.0'
    source:
      registry_url: https://components.espressif.com/
      type: service
    version: 1.9.1
  idf:
    source:
      type: idf
    version: 5.4.2
direct_dependencies:
- espressif/can_driver
- espressif/mdns
- idf
manifest_hash: 4ff78d91db019a8343f4e143e60ce781c4ed5370b1353613e1c035c60bfd1d2c
target: esp32s3
version: 2.0.0
