dependencies:
  can_driver:
    dependencies: []
    source:
      path: /home/drzoid/dev/openfront/ots/ots-fw-shared/components/can_driver
      type: local
    version: 1.0.0
  idf:
    source:
      type: idf
    version: 5.4.2
direct_dependencies:
- espressif/can_driver
- idf
manifest_hash: b858ee129be2c45dea1f47da3221213e599ff632fca5689483d662b5456a158a
target: esp32
version: 2.0.0
