dependencies:
  can_driver:
    dependencies: []
    source:
      path: /home/drzoid/dev/openfront/ots/ots-fw-shared/components/can_driver
      type: local
    version: 1.0.0
  idf:
    source:
      type: idf
    version: 5.4.2
direct_dependencies:
- espressif/can_driver
- idf
manifest_hash: d8e77de5a3f1c33d35ad07cd0e4f0d9aae33ce331a07998cf7918fd5a02167d2
target: esp32s3
version: 2.0.0
